
Microsoft Visual Studio Solution File, Format Version 12.00
# Visual Studio Version 16
VisualStudioVersion = 16.0.32228.343
MinimumVisualStudioVersion = 10.0.40219.1
Project("{FAE04EC0-301F-11D3-BF4B-00C04F79EFBC}") = "DbAssetManagement", "DbAssetManagement\DbAssetManagement.csproj", "{78DE8E52-626A-4982-A682-AA85171B128D}"
EndProject
Global
	GlobalSection(SolutionConfigurationPlatforms) = preSolution
		Debug|Any CPU = Debug|Any CPU
		Release|Any CPU = Release|Any CPU
	EndGlobalSection
	GlobalSection(ProjectConfigurationPlatforms) = postSolution
		{78DE8E52-626A-4982-A682-AA85171B128D}.Debug|Any CPU.ActiveCfg = Debug|Any CPU
		{78DE8E52-626A-4982-A682-AA85171B128D}.Debug|Any CPU.Build.0 = Debug|Any CPU
		{78DE8E52-626A-4982-A682-AA85171B128D}.Release|Any CPU.ActiveCfg = Release|Any CPU
		{78DE8E52-626A-4982-A682-AA85171B128D}.Release|Any CPU.Build.0 = Release|Any CPU
	EndGlobalSection
	GlobalSection(SolutionProperties) = preSolution
		HideSolutionNode = FALSE
	EndGlobalSection
	GlobalSection(ExtensibilityGlobals) = postSolution
		SolutionGuid = {C8911BC9-090E-43F5-A6EF-18756F4BC884}
	EndGlobalSection
EndGlobal
