
Microsoft Visual Studio Solution File, Format Version 12.00
# Visual Studio Version 16
VisualStudioVersion = 16.0.32228.343
MinimumVisualStudioVersion = 10.0.40219.1
Project("{9A19103F-16F7-4668-BE54-9A1E7A4F7556}") = "ELearningPlatform", "ELearningPlatform\ELearningPlatform.csproj", "{F4815F6C-0E48-440D-B0D5-F2C383912E49}"
EndProject
Global
	GlobalSection(SolutionConfigurationPlatforms) = preSolution
		Debug|Any CPU = Debug|Any CPU
		Release|Any CPU = Release|Any CPU
	EndGlobalSection
	GlobalSection(ProjectConfigurationPlatforms) = postSolution
		{F4815F6C-0E48-440D-B0D5-F2C383912E49}.Debug|Any CPU.ActiveCfg = Debug|Any CPU
		{F4815F6C-0E48-440D-B0D5-F2C383912E49}.Debug|Any CPU.Build.0 = Debug|Any CPU
		{F4815F6C-0E48-440D-B0D5-F2C383912E49}.Release|Any CPU.ActiveCfg = Release|Any CPU
		{F4815F6C-0E48-440D-B0D5-F2C383912E49}.Release|Any CPU.Build.0 = Release|Any CPU
	EndGlobalSection
	GlobalSection(SolutionProperties) = preSolution
		HideSolutionNode = FALSE
	EndGlobalSection
	GlobalSection(ExtensibilityGlobals) = postSolution
		SolutionGuid = {D870F3B6-6A18-41E2-86F3-E4D040C26220}
	EndGlobalSection
EndGlobal
